# This file is automatically @generated by Cargo.
# It is not intended for manual editing.
version = 3

[[package]]
name = "rmcs-api-server"
version = "0.1.0"
dependencies = [
 "rmcs-auth-api",
 "rmcs-auth-db",
 "rmcs-resource-api",
 "rmcs-resource-db",
]

[[package]]
name = "rmcs-auth-api"
version = "0.1.0"

[[package]]
name = "rmcs-auth-db"
version = "0.1.0"

[[package]]
name = "rmcs-resource-api"
version = "0.1.0"

[[package]]
name = "rmcs-resource-db"
version = "0.1.0"
